
Microsoft Visual Studio Solution File, Format Version 12.00
# Visual Studio Version 16
VisualStudioVersion = 16.0.28714.193
MinimumVisualStudioVersion = 10.0.40219.1
Project("{FAE04EC0-301F-11D3-BF4B-00C04F79EFBC}") = "Quadrapassel", "Quadrapassel\Quadrapassel.csproj", "{1BBEBA9F-9E97-433D-8C52-83D2058897D3}"
EndProject
Project("{54435603-DBB4-11D2-8724-00A0C9A8B90C}") = "Setup", "Setup\Setup.vdproj", "{D980671F-B61B-4F99-A161-A2528BB31ABE}"
EndProject
Global
	GlobalSection(SolutionConfigurationPlatforms) = preSolution
		Debug|Any CPU = Debug|Any CPU
		Release|Any CPU = Release|Any CPU
	EndGlobalSection
	GlobalSection(ProjectConfigurationPlatforms) = postSolution
		{1BBEBA9F-9E97-433D-8C52-83D2058897D3}.Debug|Any CPU.ActiveCfg = Debug|Any CPU
		{1BBEBA9F-9E97-433D-8C52-83D2058897D3}.Debug|Any CPU.Build.0 = Debug|Any CPU
		{1BBEBA9F-9E97-433D-8C52-83D2058897D3}.Release|Any CPU.ActiveCfg = Release|Any CPU
		{1BBEBA9F-9E97-433D-8C52-83D2058897D3}.Release|Any CPU.Build.0 = Release|Any CPU
		{D980671F-B61B-4F99-A161-A2528BB31ABE}.Debug|Any CPU.ActiveCfg = Debug
		{D980671F-B61B-4F99-A161-A2528BB31ABE}.Release|Any CPU.ActiveCfg = Release
	EndGlobalSection
	GlobalSection(SolutionProperties) = preSolution
		HideSolutionNode = FALSE
	EndGlobalSection
	GlobalSection(ExtensibilityGlobals) = postSolution
		SolutionGuid = {63053E0A-F995-48F7-8126-7C448838A331}
	EndGlobalSection
EndGlobal
